
Microsoft Visual Studio Solution File, Format Version 12.00
# Visual Studio 2017
Project("{FAE04EC0-301F-11D3-BF4B-00C04F79EFBC}") = "Ty and Lucas random game", "Ty and Lucas random game.csproj", "{7E443D8A-BEF0-606E-A106-8F8BA624E0A0}"
EndProject
Project("{FAE04EC0-301F-11D3-BF4B-00C04F79EFBC}") = "Ty and Lucas random game.Editor", "Ty and Lucas random game.Editor.csproj", "{99B50A66-4100-39DF-5D50-A50C1E1449B7}"
EndProject
Global
	GlobalSection(SolutionConfigurationPlatforms) = preSolution
		Debug|Any CPU = Debug|Any CPU
		Release|Any CPU = Release|Any CPU
	EndGlobalSection
	GlobalSection(ProjectConfigurationPlatforms) = postSolution
		{7E443D8A-BEF0-606E-A106-8F8BA624E0A0}.Debug|Any CPU.ActiveCfg = Debug|Any CPU
		{7E443D8A-BEF0-606E-A106-8F8BA624E0A0}.Debug|Any CPU.Build.0 = Debug|Any CPU
		{7E443D8A-BEF0-606E-A106-8F8BA624E0A0}.Release|Any CPU.ActiveCfg = Release|Any CPU
		{7E443D8A-BEF0-606E-A106-8F8BA624E0A0}.Release|Any CPU.Build.0 = Release|Any CPU
		{99B50A66-4100-39DF-5D50-A50C1E1449B7}.Debug|Any CPU.ActiveCfg = Debug|Any CPU
		{99B50A66-4100-39DF-5D50-A50C1E1449B7}.Debug|Any CPU.Build.0 = Debug|Any CPU
		{99B50A66-4100-39DF-5D50-A50C1E1449B7}.Release|Any CPU.ActiveCfg = Release|Any CPU
		{99B50A66-4100-39DF-5D50-A50C1E1449B7}.Release|Any CPU.Build.0 = Release|Any CPU
	EndGlobalSection
	GlobalSection(SolutionProperties) = preSolution
		HideSolutionNode = FALSE
	EndGlobalSection
EndGlobal
